
Microsoft Visual Studio Solution File, Format Version 12.00
# Visual Studio 15
VisualStudioVersion = 15.0.28307.572
MinimumVisualStudioVersion = 10.0.40219.1
Project("{FAE04EC0-301F-11D3-BF4B-00C04F79EFBC}") = "PhysicsEngine", "PhysicsEngine\PhysicsEngine.csproj", "{527C1423-7FB0-43BE-9465-344DF412D4CE}"
EndProject
Global
	GlobalSection(SolutionConfigurationPlatforms) = preSolution
		Debug|Any CPU = Debug|Any CPU
		Release|Any CPU = Release|Any CPU
	EndGlobalSection
	GlobalSection(ProjectConfigurationPlatforms) = postSolution
		{527C1423-7FB0-43BE-9465-344DF412D4CE}.Debug|Any CPU.ActiveCfg = Debug|Any CPU
		{527C1423-7FB0-43BE-9465-344DF412D4CE}.Debug|Any CPU.Build.0 = Debug|Any CPU
		{527C1423-7FB0-43BE-9465-344DF412D4CE}.Release|Any CPU.ActiveCfg = Release|Any CPU
		{527C1423-7FB0-43BE-9465-344DF412D4CE}.Release|Any CPU.Build.0 = Release|Any CPU
	EndGlobalSection
	GlobalSection(SolutionProperties) = preSolution
		HideSolutionNode = FALSE
	EndGlobalSection
	GlobalSection(ExtensibilityGlobals) = postSolution
		SolutionGuid = {D3CC92EE-27AE-44BB-8DD0-5D2BE07ECF5D}
	EndGlobalSection
EndGlobal
